{
  "name": "@danielmoncada/angular-datetime-picker-moment-adapter",
  "version": "2.0.0",
  "lockfileVersion": 2,
  "requires": true,
  "packages": {
    "": {
      "name": "@danielmoncada/angular-datetime-picker-moment-adapter",
      "version": "2.0.0",
      "license": "MIT",
      "dependencies": {
        "tslib": "^2.0.0"
      },
      "devDependencies": {
        "@danielmoncada/angular-datetime-picker": "^14.1.0"
      },
      "peerDependencies": {
        "@angular/cdk": ">= 8.0.0",
        "@angular/common": ">= 8.0.0",
        "@angular/core": ">= 8.0.0",
        "moment": "^2.29.1"
      }
    },
    "node_modules/@angular/cdk": {
      "version": "14.1.1",
      "resolved": "https://registry.npmjs.org/@angular/cdk/-/cdk-14.1.1.tgz",
      "integrity": "sha512-Um4d5aWp7ACHd7O2cF3B4IXbQrnzMVvKlUVoKIBI4+EcCF70vAJrfXrAJoXIzLpte3MCDa6wO3wUX7uIJ4VlAQ==",
      "peer": true,
      "dependencies": {
        "tslib": "^2.3.0"
      },
      "optionalDependencies": {
        "parse5": "^5.0.0"
      },
      "peerDependencies": {
        "@angular/common": "^14.0.0 || ^15.0.0",
        "@angular/core": "^14.0.0 || ^15.0.0",
        "rxjs": "^6.5.3 || ^7.4.0"
      }
    },
    "node_modules/@angular/common": {
      "version": "14.1.1",
      "resolved": "https://registry.npmjs.org/@angular/common/-/common-14.1.1.tgz",
      "integrity": "sha512-neFCnrIrGOuj3oOFBTLi4QrdI4fgKQprVLUEyL5LhCQ5R0K/F+gh61ovi7nT4XYnv41p4eqtG81YNMtVXH49pg==",
      "peer": true,
      "dependencies": {
        "tslib": "^2.3.0"
      },
      "engines": {
        "node": "^14.15.0 || >=16.10.0"
      },
      "peerDependencies": {
        "@angular/core": "14.1.1",
        "rxjs": "^6.5.3 || ^7.4.0"
      }
    },
    "node_modules/@angular/core": {
      "version": "14.1.1",
      "resolved": "https://registry.npmjs.org/@angular/core/-/core-14.1.1.tgz",
      "integrity": "sha512-l3ms6/jxIUIeuCkXhz5nhRb94KLQ6wv9+B4lE0aJXcgHTqOmhc/ZIacT51LCjvVcok/vczF3f7w71Ii8b10yKQ==",
      "peer": true,
      "dependencies": {
        "tslib": "^2.3.0"
      },
      "engines": {
        "node": "^14.15.0 || >=16.10.0"
      },
      "peerDependencies": {
        "rxjs": "^6.5.3 || ^7.4.0",
        "zone.js": "~0.11.4"
      }
    },
    "node_modules/@danielmoncada/angular-datetime-picker": {
      "version": "14.1.0",
      "resolved": "https://registry.npmjs.org/@danielmoncada/angular-datetime-picker/-/angular-datetime-picker-14.1.0.tgz",
      "integrity": "sha512-/fGCE9u0JfBjNN0o+ndwIYfPtCwv+mF4UBWL0oOxinXbYymcQFG+NRmRQKblHMG/J0NyDD7kEWdRuwztwGqqlA==",
      "dev": true,
      "dependencies": {
        "tslib": "^2.3.1"
      },
      "peerDependencies": {
        "@angular/cdk": "^13.0.3 || ^14.0.0",
        "@angular/common": "^13.0.3 || ^14.0.0",
        "@angular/core": "^13.0.3 || ^14.0.0"
      }
    },
    "node_modules/moment": {
      "version": "2.29.4",
      "resolved": "https://registry.npmjs.org/moment/-/moment-2.29.4.tgz",
      "integrity": "sha512-5LC9SOxjSc2HF6vO2CyuTDNivEdoz2IvyJJGj6X8DJ0eFyfszE0QiEd+iXmBvUP3WHxSjFH/vIsA0EN00cgr8w==",
      "peer": true,
      "engines": {
        "node": "*"
      }
    },
    "node_modules/parse5": {
      "version": "5.1.1",
      "resolved": "https://registry.npmjs.org/parse5/-/parse5-5.1.1.tgz",
      "integrity": "sha512-ugq4DFI0Ptb+WWjAdOK16+u/nHfiIrcE+sh8kZMaM0WllQKLI9rOUq6c2b7cwPkXdzfQESqvoqK6ug7U/Yyzug==",
      "optional": true,
      "peer": true
    },
    "node_modules/rxjs": {
      "version": "7.5.6",
      "resolved": "https://registry.npmjs.org/rxjs/-/rxjs-7.5.6.tgz",
      "integrity": "sha512-dnyv2/YsXhnm461G+R/Pe5bWP41Nm6LBXEYWI6eiFP4fiwx6WRI/CD0zbdVAudd9xwLEF2IDcKXLHit0FYjUzw==",
      "peer": true,
      "dependencies": {
        "tslib": "^2.1.0"
      }
    },
    "node_modules/tslib": {
      "version": "2.4.0",
      "resolved": "https://registry.npmjs.org/tslib/-/tslib-2.4.0.tgz",
      "integrity": "sha512-d6xOpEDfsi2CZVlPQzGeux8XMwLT9hssAsaPYExaQMuYskwb+x1x7J371tWlbBdWHroy99KnVB6qIkUbs5X3UQ=="
    },
    "node_modules/zone.js": {
      "version": "0.11.7",
      "resolved": "https://registry.npmjs.org/zone.js/-/zone.js-0.11.7.tgz",
      "integrity": "sha512-e39K2EdK5JfA3FDuUTVRvPlYV4aBfnOOcGuILhQAT7nzeV12uSrLBzImUM9CDVoncDSX4brR/gwqu0heQ3BQ0g==",
      "peer": true,
      "dependencies": {
        "tslib": "^2.3.0"
      }
    }
  },
  "dependencies": {
    "@angular/cdk": {
      "version": "14.1.1",
      "resolved": "https://registry.npmjs.org/@angular/cdk/-/cdk-14.1.1.tgz",
      "integrity": "sha512-Um4d5aWp7ACHd7O2cF3B4IXbQrnzMVvKlUVoKIBI4+EcCF70vAJrfXrAJoXIzLpte3MCDa6wO3wUX7uIJ4VlAQ==",
      "peer": true,
      "requires": {
        "parse5": "^5.0.0",
        "tslib": "^2.3.0"
      }
    },
    "@angular/common": {
      "version": "14.1.1",
      "resolved": "https://registry.npmjs.org/@angular/common/-/common-14.1.1.tgz",
      "integrity": "sha512-neFCnrIrGOuj3oOFBTLi4QrdI4fgKQprVLUEyL5LhCQ5R0K/F+gh61ovi7nT4XYnv41p4eqtG81YNMtVXH49pg==",
      "peer": true,
      "requires": {
        "tslib": "^2.3.0"
      }
    },
    "@angular/core": {
      "version": "14.1.1",
      "resolved": "https://registry.npmjs.org/@angular/core/-/core-14.1.1.tgz",
      "integrity": "sha512-l3ms6/jxIUIeuCkXhz5nhRb94KLQ6wv9+B4lE0aJXcgHTqOmhc/ZIacT51LCjvVcok/vczF3f7w71Ii8b10yKQ==",
      "peer": true,
      "requires": {
        "tslib": "^2.3.0"
      }
    },
    "@danielmoncada/angular-datetime-picker": {
      "version": "14.1.0",
      "resolved": "https://registry.npmjs.org/@danielmoncada/angular-datetime-picker/-/angular-datetime-picker-14.1.0.tgz",
      "integrity": "sha512-/fGCE9u0JfBjNN0o+ndwIYfPtCwv+mF4UBWL0oOxinXbYymcQFG+NRmRQKblHMG/J0NyDD7kEWdRuwztwGqqlA==",
      "dev": true,
      "requires": {
        "tslib": "^2.3.1"
      }
    },
    "moment": {
      "version": "2.29.4",
      "resolved": "https://registry.npmjs.org/moment/-/moment-2.29.4.tgz",
      "integrity": "sha512-5LC9SOxjSc2HF6vO2CyuTDNivEdoz2IvyJJGj6X8DJ0eFyfszE0QiEd+iXmBvUP3WHxSjFH/vIsA0EN00cgr8w==",
      "peer": true
    },
    "parse5": {
      "version": "5.1.1",
      "resolved": "https://registry.npmjs.org/parse5/-/parse5-5.1.1.tgz",
      "integrity": "sha512-ugq4DFI0Ptb+WWjAdOK16+u/nHfiIrcE+sh8kZMaM0WllQKLI9rOUq6c2b7cwPkXdzfQESqvoqK6ug7U/Yyzug==",
      "optional": true,
      "peer": true
    },
    "rxjs": {
      "version": "7.5.6",
      "resolved": "https://registry.npmjs.org/rxjs/-/rxjs-7.5.6.tgz",
      "integrity": "sha512-dnyv2/YsXhnm461G+R/Pe5bWP41Nm6LBXEYWI6eiFP4fiwx6WRI/CD0zbdVAudd9xwLEF2IDcKXLHit0FYjUzw==",
      "peer": true,
      "requires": {
        "tslib": "^2.1.0"
      }
    },
    "tslib": {
      "version": "2.4.0",
      "resolved": "https://registry.npmjs.org/tslib/-/tslib-2.4.0.tgz",
      "integrity": "sha512-d6xOpEDfsi2CZVlPQzGeux8XMwLT9hssAsaPYExaQMuYskwb+x1x7J371tWlbBdWHroy99KnVB6qIkUbs5X3UQ=="
    },
    "zone.js": {
      "version": "0.11.7",
      "resolved": "https://registry.npmjs.org/zone.js/-/zone.js-0.11.7.tgz",
      "integrity": "sha512-e39K2EdK5JfA3FDuUTVRvPlYV4aBfnOOcGuILhQAT7nzeV12uSrLBzImUM9CDVoncDSX4brR/gwqu0heQ3BQ0g==",
      "peer": true,
      "requires": {
        "tslib": "^2.3.0"
      }
    }
  }
}
