{
  "name": "@danielmoncada/angular-datetime-picker-moment-adapter",
  "version": "1.0.1",
  "lockfileVersion": 1,
  "requires": true,
  "dependencies": {
    "@danielmoncada/angular-datetime-picker": {
      "version": "13.1.0",
      "resolved": "https://registry.npmjs.org/@danielmoncada/angular-datetime-picker/-/angular-datetime-picker-13.1.0.tgz",
      "integrity": "sha512-DgH3wQhJYf7vkIzLe1yc9/f6IisTi9lJxEA4UfP1LTsZaN3cIrU908qIcApqPQaFiVTfBZssV4zr9ISjmH+Qpw==",
      "dev": true,
      "requires": {
        "tslib": "^2.0.0"
      },
      "dependencies": {
        "tslib": {
          "version": "2.3.1",
          "resolved": "https://registry.npmjs.org/tslib/-/tslib-2.3.1.tgz",
          "integrity": "sha512-77EbyPPpMz+FRFRuAFlWMtmgUWGe9UOG2Z25NqCwiIjRhOf5iKGuzSe5P2w1laq+FkRy4p+PCuVkJSGkzTEKVw==",
          "dev": true
        }
      }
    }
  }
}
